{
  "name": "api",
  "lockfileVersion": 3,
  "requires": true,
  "packages": {
    "": {
      "dependencies": {
        "react-native-calendars": "^1.1305.0"
      }
    },
    "node_modules/hoist-non-react-statics": {
      "version": "3.3.2",
      "resolved": "https://registry.npmjs.org/hoist-non-react-statics/-/hoist-non-react-statics-3.3.2.tgz",
      "integrity": "sha512-/gGivxi8JPKWNm/W0jSmzcMPpfpPLc3dY/6GxhX2hQ9iGj3aDfklV4ET7NjKpSinLpJ5vafa9iiGIEZg10SfBw==",
      "dependencies": {
        "react-is": "^16.7.0"
      }
    },
    "node_modules/js-tokens": {
      "version": "4.0.0",
      "resolved": "https://registry.npmjs.org/js-tokens/-/js-tokens-4.0.0.tgz",
      "integrity": "sha512-RdJUflcE3cUzKiMqQgsCu06FPu9UdIJO0beYbPhHN4k6apgJtifcoCtT9bcxOpYBtpD2kCM6Sbzg4CausW/PKQ=="
    },
    "node_modules/lodash": {
      "version": "4.17.21",
      "resolved": "https://registry.npmjs.org/lodash/-/lodash-4.17.21.tgz",
      "integrity": "sha512-v2kDEe57lecTulaDIuNTPy3Ry4gLGJ6Z1O3vE1krgXZNrsQ+LFTGHVxVjcXPs17LhbZVGedAJv8XZ1tvj5FvSg=="
    },
    "node_modules/lodash.debounce": {
      "version": "4.0.8",
      "resolved": "https://registry.npmjs.org/lodash.debounce/-/lodash.debounce-4.0.8.tgz",
      "integrity": "sha512-FT1yDzDYEoYWhnSGnpE/4Kj1fLZkDFyqRb7fNt6FdYOSxlUWAtp42Eh6Wb0rGIv/m9Bgo7x4GhQbm5Ys4SG5ow=="
    },
    "node_modules/loose-envify": {
      "version": "1.4.0",
      "resolved": "https://registry.npmjs.org/loose-envify/-/loose-envify-1.4.0.tgz",
      "integrity": "sha512-lyuxPGr/Wfhrlem2CL/UcnUc1zcqKAImBDzukY7Y5F/yQiNdko6+fRLevlw1HgMySw7f611UIY408EtxRSoK3Q==",
      "dependencies": {
        "js-tokens": "^3.0.0 || ^4.0.0"
      },
      "bin": {
        "loose-envify": "cli.js"
      }
    },
    "node_modules/memoize-one": {
      "version": "5.2.1",
      "resolved": "https://registry.npmjs.org/memoize-one/-/memoize-one-5.2.1.tgz",
      "integrity": "sha512-zYiwtZUcYyXKo/np96AGZAckk+FWWsUdJ3cHGGmld7+AhvcWmQyGCYUh1hc4Q/pkOhb65dQR/pqCyK0cOaHz4Q=="
    },
    "node_modules/moment": {
      "version": "2.30.1",
      "resolved": "https://registry.npmjs.org/moment/-/moment-2.30.1.tgz",
      "integrity": "sha512-uEmtNhbDOrWPFS+hdjFCBfy9f2YoyzRpwcl+DqpC6taX21FzsTLQVbMV/W7PzNSX6x/bhC1zA3c2UQ5NzH6how==",
      "optional": true,
      "engines": {
        "node": "*"
      }
    },
    "node_modules/object-assign": {
      "version": "4.1.1",
      "resolved": "https://registry.npmjs.org/object-assign/-/object-assign-4.1.1.tgz",
      "integrity": "sha512-rJgTQnkUnH1sFw8yT6VSU3zD3sWmu6sZhIseY8VX+GRu3P6F7Fu+JNDoXfklElbLJSnc3FUQHVe4cU5hj+BcUg==",
      "engines": {
        "node": ">=0.10.0"
      }
    },
    "node_modules/prop-types": {
      "version": "15.8.1",
      "resolved": "https://registry.npmjs.org/prop-types/-/prop-types-15.8.1.tgz",
      "integrity": "sha512-oj87CgZICdulUohogVAR7AjlC0327U4el4L6eAvOqCeudMDVU0NThNaV+b9Df4dXgSP1gXMTnPdhfe/2qDH5cg==",
      "dependencies": {
        "loose-envify": "^1.4.0",
        "object-assign": "^4.1.1",
        "react-is": "^16.13.1"
      }
    },
    "node_modules/react-is": {
      "version": "16.13.1",
      "resolved": "https://registry.npmjs.org/react-is/-/react-is-16.13.1.tgz",
      "integrity": "sha512-24e6ynE2H+OKt4kqsOvNd8kBpV65zoxbA4BVsEOB3ARVWQki/DHzaUoC5KuON/BiccDaCCTZBuOcfZs70kR8bQ=="
    },
    "node_modules/react-native-calendars": {
      "version": "1.1305.0",
      "resolved": "https://registry.npmjs.org/react-native-calendars/-/react-native-calendars-1.1305.0.tgz",
      "integrity": "sha512-KcT7fhDo8Tx2vx2q6RtyYGHRgKp2siY183czD95U+swytT6m1HAWEX5bZFpl/c4oih0IamAB0qoGOMJCWkYweQ==",
      "dependencies": {
        "hoist-non-react-statics": "^3.3.1",
        "lodash": "^4.17.15",
        "memoize-one": "^5.2.1",
        "prop-types": "^15.5.10",
        "react-native-swipe-gestures": "^1.0.5",
        "recyclerlistview": "^4.0.0",
        "xdate": "^0.8.0"
      },
      "optionalDependencies": {
        "moment": "^2.29.4"
      }
    },
    "node_modules/react-native-swipe-gestures": {
      "version": "1.0.5",
      "resolved": "https://registry.npmjs.org/react-native-swipe-gestures/-/react-native-swipe-gestures-1.0.5.tgz",
      "integrity": "sha512-Ns7Bn9H/Tyw278+5SQx9oAblDZ7JixyzeOczcBK8dipQk2pD7Djkcfnf1nB/8RErAmMLL9iXgW0QHqiII8AhKw=="
    },
    "node_modules/recyclerlistview": {
      "version": "4.2.0",
      "resolved": "https://registry.npmjs.org/recyclerlistview/-/recyclerlistview-4.2.0.tgz",
      "integrity": "sha512-uuBCi0c+ggqHKwrzPX4Z/mJOzsBbjZEAwGGmlwpD/sD7raXixdAbdJ6BTcAmuWG50Cg4ru9p12M94Njwhr/27A==",
      "dependencies": {
        "lodash.debounce": "4.0.8",
        "prop-types": "15.8.1",
        "ts-object-utils": "0.0.5"
      },
      "peerDependencies": {
        "react": ">= 15.2.1",
        "react-native": ">= 0.30.0"
      }
    },
    "node_modules/ts-object-utils": {
      "version": "0.0.5",
      "resolved": "https://registry.npmjs.org/ts-object-utils/-/ts-object-utils-0.0.5.tgz",
      "integrity": "sha512-iV0GvHqOmilbIKJsfyfJY9/dNHCs969z3so90dQWsO1eMMozvTpnB1MEaUbb3FYtZTGjv5sIy/xmslEz0Rg2TA=="
    },
    "node_modules/xdate": {
      "version": "0.8.2",
      "resolved": "https://registry.npmjs.org/xdate/-/xdate-0.8.2.tgz",
      "integrity": "sha512-sNBlLfOC8S3V0vLDEUianQOXcTsc9j4lfeKU/klHe0RjHAYn0CXsSttumTot8dzalboV8gZbH38B+WcCIBjhFQ=="
    }
  }
}
